
Microsoft Visual Studio Solution File, Format Version 12.00
# Visual Studio Version 17
VisualStudioVersion = 17.5.33530.505
MinimumVisualStudioVersion = 10.0.40219.1
Project("{8BC9CEB8-8B4A-11D0-8D11-00A0C91BC942}") = "L230518", "L230518.vcxproj", "{8AE87FC9-7D02-404C-866D-9999F77454F3}"
EndProject
Global
	GlobalSection(SolutionConfigurationPlatforms) = preSolution
		Debug|x64 = Debug|x64
		Debug|x86 = Debug|x86
		Release|x64 = Release|x64
		Release|x86 = Release|x86
	EndGlobalSection
	GlobalSection(ProjectConfigurationPlatforms) = postSolution
		{8AE87FC9-7D02-404C-866D-9999F77454F3}.Debug|x64.ActiveCfg = Debug|x64
		{8AE87FC9-7D02-404C-866D-9999F77454F3}.Debug|x64.Build.0 = Debug|x64
		{8AE87FC9-7D02-404C-866D-9999F77454F3}.Debug|x86.ActiveCfg = Debug|Win32
		{8AE87FC9-7D02-404C-866D-9999F77454F3}.Debug|x86.Build.0 = Debug|Win32
		{8AE87FC9-7D02-404C-866D-9999F77454F3}.Release|x64.ActiveCfg = Release|x64
		{8AE87FC9-7D02-404C-866D-9999F77454F3}.Release|x64.Build.0 = Release|x64
		{8AE87FC9-7D02-404C-866D-9999F77454F3}.Release|x86.ActiveCfg = Release|Win32
		{8AE87FC9-7D02-404C-866D-9999F77454F3}.Release|x86.Build.0 = Release|Win32
	EndGlobalSection
	GlobalSection(SolutionProperties) = preSolution
		HideSolutionNode = FALSE
	EndGlobalSection
	GlobalSection(ExtensibilityGlobals) = postSolution
		SolutionGuid = {209A6014-E511-4069-8A78-06E76D8B01FA}
	EndGlobalSection
EndGlobal
